{
  "originHash" : "e632be346d7c771d2ef84ea6055e626af2a26d40cc792fd621ea353ef7183bd6",
  "pins" : [
    {
      "identity" : "swift-file-downloader",
      "kind" : "remoteSourceControl",
      "location" : "https://github.com/li-bei/swift-file-downloader",
      "state" : {
        "revision" : "070b10d761f6aa0c47c829d09c45fa438ade8964",
        "version" : "0.3.0"
      }
    }
  ],
  "version" : 3
}
